Microsoft Visual Studio Solution File, Format Version 11.00
# Visual Studio 2008

Project("{F2EF6F35-9422-A32D-D155-648E4F71D43F}") = "24_Unity_SpriteFlip", "Assembly-CSharp.csproj", "{22B89C8F-45D3-D706-4221-B5BA6A7A4898}"
EndProject
Global
	GlobalSection(SolutionConfigurationPlatforms) = preSolution
		Debug|Any CPU = Debug|Any CPU
		Release|Any CPU = Release|Any CPU
	EndGlobalSection
	GlobalSection(ProjectConfigurationPlatforms) = postSolution
		{22B89C8F-45D3-D706-4221-B5BA6A7A4898}.Debug|Any CPU.ActiveCfg = Debug|Any CPU
		{22B89C8F-45D3-D706-4221-B5BA6A7A4898}.Debug|Any CPU.Build.0 = Debug|Any CPU
		{22B89C8F-45D3-D706-4221-B5BA6A7A4898}.Release|Any CPU.ActiveCfg = Release|Any CPU
		{22B89C8F-45D3-D706-4221-B5BA6A7A4898}.Release|Any CPU.Build.0 = Release|Any CPU
	EndGlobalSection
	GlobalSection(SolutionProperties) = preSolution
		HideSolutionNode = FALSE
	EndGlobalSection
	GlobalSection(MonoDevelopProperties) = preSolution
		StartupItem = Assembly-CSharp.csproj
	EndGlobalSection
EndGlobal
